
Microsoft Visual Studio Solution File, Format Version 12.00
# Visual Studio Version 17
VisualStudioVersion = 17.0.31903.59
MinimumVisualStudioVersion = 10.0.40219.1
Project("{9A19103F-16F7-4668-BE54-9A1E7A4F7556}") = "SkysFormsDemo", "SkysFormsDemo\SkysFormsDemo.csproj", "{37E3747C-E1E9-43AD-AF45-1BBB85D137BC}"
EndProject
Global
	GlobalSection(SolutionConfigurationPlatforms) = preSolution
		Debug|Any CPU = Debug|Any CPU
		Release|Any CPU = Release|Any CPU
	EndGlobalSection
	GlobalSection(ProjectConfigurationPlatforms) = postSolution
		{37E3747C-E1E9-43AD-AF45-1BBB85D137BC}.Debug|Any CPU.ActiveCfg = Debug|Any CPU
		{37E3747C-E1E9-43AD-AF45-1BBB85D137BC}.Debug|Any CPU.Build.0 = Debug|Any CPU
		{37E3747C-E1E9-43AD-AF45-1BBB85D137BC}.Release|Any CPU.ActiveCfg = Release|Any CPU
		{37E3747C-E1E9-43AD-AF45-1BBB85D137BC}.Release|Any CPU.Build.0 = Release|Any CPU
	EndGlobalSection
	GlobalSection(SolutionProperties) = preSolution
		HideSolutionNode = FALSE
	EndGlobalSection
	GlobalSection(ExtensibilityGlobals) = postSolution
		SolutionGuid = {61AF25A6-339A-4711-8796-1461A702D749}
	EndGlobalSection
EndGlobal
